
Microsoft Visual Studio Solution File, Format Version 12.00
# Visual Studio Version 17
VisualStudioVersion = 17.13.35617.110 d17.13
MinimumVisualStudioVersion = 10.0.40219.1
Project("{FAE04EC0-301F-11D3-BF4B-00C04F79EFBC}") = "Task1", "Task1.csproj", "{3158E990-7909-4DE8-B31A-18B056018201}"
EndProject
Global
	GlobalSection(SolutionConfigurationPlatforms) = preSolution
		Debug|Any CPU = Debug|Any CPU
		Release|Any CPU = Release|Any CPU
	EndGlobalSection
	GlobalSection(ProjectConfigurationPlatforms) = postSolution
		{3158E990-7909-4DE8-B31A-18B056018201}.Debug|Any CPU.ActiveCfg = Debug|Any CPU
		{3158E990-7909-4DE8-B31A-18B056018201}.Debug|Any CPU.Build.0 = Debug|Any CPU
		{3158E990-7909-4DE8-B31A-18B056018201}.Release|Any CPU.ActiveCfg = Release|Any CPU
		{3158E990-7909-4DE8-B31A-18B056018201}.Release|Any CPU.Build.0 = Release|Any CPU
	EndGlobalSection
	GlobalSection(SolutionProperties) = preSolution
		HideSolutionNode = FALSE
	EndGlobalSection
	GlobalSection(ExtensibilityGlobals) = postSolution
		SolutionGuid = {66EB989E-848C-4B5B-A6B9-C415FFEBFF4C}
	EndGlobalSection
EndGlobal
